# This file is automatically @generated by Wally.
# It is not intended for manual editing.
registry = "test"

[[package]]
name = "aykut92/replica"
version = "0.1.7"
dependencies = []

[[package]]
name = "evaera/promise"
version = "4.0.0"
dependencies = []

[[package]]
name = "ffrostflame/bytenet"
version = "0.4.6"
dependencies = []

[[package]]
name = "pedro-caixa/kitty"
version = "0.1.0"
dependencies = [["bytenet", "ffrostflame/bytenet@0.4.6"], ["observers", "sleitnick/observers@0.5.0"], ["profilestore", "vyon/profilestore@1.0.3"], ["promise", "evaera/promise@4.0.0"], ["replica", "aykut92/replica@0.1.7"], ["trove", "sleitnick/trove@1.8.0"], ["TestEZ", "roblox/testez@0.4.1"]]

[[package]]
name = "roblox/testez"
version = "0.4.1"
dependencies = []

[[package]]
name = "sleitnick/observers"
version = "0.5.0"
dependencies = []

[[package]]
name = "sleitnick/trove"
version = "1.8.0"
dependencies = []

[[package]]
name = "vyon/profilestore"
version = "1.0.3"
dependencies = []
